
Microsoft Visual Studio Solution File, Format Version 12.00
# Visual Studio Version 17
VisualStudioVersion = 17.9.34622.214
MinimumVisualStudioVersion = 10.0.40219.1
Project("{FAE04EC0-301F-11D3-BF4B-00C04F79EFBC}") = "To-Do-List", "To-Do-List.csproj", "{AE2B4086-188E-47C9-924F-AF5CE8A614ED}"
EndProject
Global
	GlobalSection(SolutionConfigurationPlatforms) = preSolution
		Debug|Any CPU = Debug|Any CPU
		Release|Any CPU = Release|Any CPU
	EndGlobalSection
	GlobalSection(ProjectConfigurationPlatforms) = postSolution
		{AE2B4086-188E-47C9-924F-AF5CE8A614ED}.Debug|Any CPU.ActiveCfg = Debug|Any CPU
		{AE2B4086-188E-47C9-924F-AF5CE8A614ED}.Debug|Any CPU.Build.0 = Debug|Any CPU
		{AE2B4086-188E-47C9-924F-AF5CE8A614ED}.Release|Any CPU.ActiveCfg = Release|Any CPU
		{AE2B4086-188E-47C9-924F-AF5CE8A614ED}.Release|Any CPU.Build.0 = Release|Any CPU
	EndGlobalSection
	GlobalSection(SolutionProperties) = preSolution
		HideSolutionNode = FALSE
	EndGlobalSection
	GlobalSection(ExtensibilityGlobals) = postSolution
		SolutionGuid = {87C25891-F7EB-4EDA-B1FB-132853135925}
	EndGlobalSection
EndGlobal
